
Microsoft Visual Studio Solution File, Format Version 12.00
# Visual Studio Version 17
VisualStudioVersion = 17.4.33103.184
MinimumVisualStudioVersion = 10.0.40219.1
Project("{FAE04EC0-301F-11D3-BF4B-00C04F79EFBC}") = "Visitor Placement Tool", "Visitor Placement Tool.csproj", "{D4370B69-D432-4C85-BC33-29EE3DC628BF}"
EndProject
Project("{FAE04EC0-301F-11D3-BF4B-00C04F79EFBC}") = "Logic", "..\Logic\Logic.csproj", "{48F7E89A-359C-4AB0-A5E1-4CCD284BF90C}"
EndProject
Project("{FAE04EC0-301F-11D3-BF4B-00C04F79EFBC}") = "UnitTesting", "..\UnitTesting\UnitTesting.csproj", "{D2351285-D970-412B-8044-4463180A4DBB}"
EndProject
Global
	GlobalSection(SolutionConfigurationPlatforms) = preSolution
		Debug|Any CPU = Debug|Any CPU
		Release|Any CPU = Release|Any CPU
	EndGlobalSection
	GlobalSection(ProjectConfigurationPlatforms) = postSolution
		{D4370B69-D432-4C85-BC33-29EE3DC628BF}.Debug|Any CPU.ActiveCfg = Debug|Any CPU
		{D4370B69-D432-4C85-BC33-29EE3DC628BF}.Debug|Any CPU.Build.0 = Debug|Any CPU
		{D4370B69-D432-4C85-BC33-29EE3DC628BF}.Release|Any CPU.ActiveCfg = Release|Any CPU
		{D4370B69-D432-4C85-BC33-29EE3DC628BF}.Release|Any CPU.Build.0 = Release|Any CPU
		{48F7E89A-359C-4AB0-A5E1-4CCD284BF90C}.Debug|Any CPU.ActiveCfg = Debug|Any CPU
		{48F7E89A-359C-4AB0-A5E1-4CCD284BF90C}.Debug|Any CPU.Build.0 = Debug|Any CPU
		{48F7E89A-359C-4AB0-A5E1-4CCD284BF90C}.Release|Any CPU.ActiveCfg = Release|Any CPU
		{48F7E89A-359C-4AB0-A5E1-4CCD284BF90C}.Release|Any CPU.Build.0 = Release|Any CPU
		{D2351285-D970-412B-8044-4463180A4DBB}.Debug|Any CPU.ActiveCfg = Debug|Any CPU
		{D2351285-D970-412B-8044-4463180A4DBB}.Debug|Any CPU.Build.0 = Debug|Any CPU
		{D2351285-D970-412B-8044-4463180A4DBB}.Release|Any CPU.ActiveCfg = Release|Any CPU
		{D2351285-D970-412B-8044-4463180A4DBB}.Release|Any CPU.Build.0 = Release|Any CPU
	EndGlobalSection
	GlobalSection(SolutionProperties) = preSolution
		HideSolutionNode = FALSE
	EndGlobalSection
	GlobalSection(ExtensibilityGlobals) = postSolution
		SolutionGuid = {5D2596DC-B2EF-4591-89EB-F20CF5A1EFF4}
	EndGlobalSection
EndGlobal
